
Microsoft Visual Studio Solution File, Format Version 12.00
# Visual Studio 2013
VisualStudioVersion = 12.0.31101.0
MinimumVisualStudioVersion = 10.0.40219.1
Project("{8BC9CEB8-8B4A-11D0-8D11-00A0C91BC942}") = "Geometry3D", "Geometry3D.vcxproj", "{0EDF2F0B-198A-4FCC-84D1-4F463F70DD93}"
EndProject
Project("{8BC9CEB8-8B4A-11D0-8D11-00A0C91BC942}") = "voro++", "..\3rdParty\voro++-0.4.6\msvc\voro++.vcxproj", "{EC858E24-556F-4F50-9030-A836DAE266AE}"
EndProject
Project("{8BC9CEB8-8B4A-11D0-8D11-00A0C91BC942}") = "TryVoro++", "..\Itay\TryVoro++\TryVoro++.vcxproj", "{117B47E4-6EFB-4A96-A51C-E357CB3F0DA1}"
EndProject
Global
	GlobalSection(SolutionConfigurationPlatforms) = preSolution
		Debug|Win32 = Debug|Win32
		Release|Win32 = Release|Win32
	EndGlobalSection
	GlobalSection(ProjectConfigurationPlatforms) = postSolution
		{0EDF2F0B-198A-4FCC-84D1-4F463F70DD93}.Debug|Win32.ActiveCfg = Debug|Win32
		{0EDF2F0B-198A-4FCC-84D1-4F463F70DD93}.Debug|Win32.Build.0 = Debug|Win32
		{0EDF2F0B-198A-4FCC-84D1-4F463F70DD93}.Release|Win32.ActiveCfg = Release|Win32
		{0EDF2F0B-198A-4FCC-84D1-4F463F70DD93}.Release|Win32.Build.0 = Release|Win32
		{EC858E24-556F-4F50-9030-A836DAE266AE}.Debug|Win32.ActiveCfg = Debug|Win32
		{EC858E24-556F-4F50-9030-A836DAE266AE}.Debug|Win32.Build.0 = Debug|Win32
		{EC858E24-556F-4F50-9030-A836DAE266AE}.Release|Win32.ActiveCfg = Release|Win32
		{EC858E24-556F-4F50-9030-A836DAE266AE}.Release|Win32.Build.0 = Release|Win32
		{117B47E4-6EFB-4A96-A51C-E357CB3F0DA1}.Debug|Win32.ActiveCfg = Debug|Win32
		{117B47E4-6EFB-4A96-A51C-E357CB3F0DA1}.Debug|Win32.Build.0 = Debug|Win32
		{117B47E4-6EFB-4A96-A51C-E357CB3F0DA1}.Release|Win32.ActiveCfg = Release|Win32
		{117B47E4-6EFB-4A96-A51C-E357CB3F0DA1}.Release|Win32.Build.0 = Release|Win32
	EndGlobalSection
	GlobalSection(SolutionProperties) = preSolution
		HideSolutionNode = FALSE
	EndGlobalSection
EndGlobal
