
Microsoft Visual Studio Solution File, Format Version 12.00
# Visual Studio 2013
VisualStudioVersion = 12.0.31101.0
MinimumVisualStudioVersion = 10.0.40219.1
Project("{8BC9CEB8-8B4A-11D0-8D11-00A0C91BC942}") = "Geometry3D", "Geometry3D.vcxproj", "{0EDF2F0B-198A-4FCC-84D1-4F463F70DD93}"
EndProject
Project("{8BC9CEB8-8B4A-11D0-8D11-00A0C91BC942}") = "voro++", "..\3rdParty\voro++-0.4.6\msvc\voro++.vcxproj", "{EC858E24-556F-4F50-9030-A836DAE266AE}"
EndProject
Project("{8BC9CEB8-8B4A-11D0-8D11-00A0C91BC942}") = "TryVoro++", "..\Itay\TryVoro++\TryVoro++.vcxproj", "{117B47E4-6EFB-4A96-A51C-E357CB3F0DA1}"
EndProject
Project("{2150E333-8FDC-42A3-9474-1A3956D46DE8}") = "Tests", "Tests", "{65C6C835-9DB6-43A8-A034-F6EB11207A02}"
EndProject
Project("{8BC9CEB8-8B4A-11D0-8D11-00A0C91BC942}") = "TestVoroPlusPlus", "..\Itay\TestVoroPlusPlus\TestVoroPlusPlus.vcxproj", "{102E65C2-12B7-467C-85A7-33DB9B24B491}"
EndProject
Project("{8BC9CEB8-8B4A-11D0-8D11-00A0C91BC942}") = "gtest-md", "..\3rdParty\gtest-1.7.0\msvc\gtest-md.vcxproj", "{C8F6C172-56F2-4E76-B5FA-C3B423B31BE8}"
EndProject
Project("{8BC9CEB8-8B4A-11D0-8D11-00A0C91BC942}") = "tetgen", "..\3rdParty\tetgen-1.5.0\msvc\tetgen.vcxproj", "{49FC313B-D9DF-4366-A33F-FF8831B8BEE1}"
EndProject
Project("{2150E333-8FDC-42A3-9474-1A3956D46DE8}") = "TryThings", "TryThings", "{E9D2AE5B-9B70-493B-A294-52201A193E56}"
EndProject
Global
	GlobalSection(SolutionConfigurationPlatforms) = preSolution
		Debug|Win32 = Debug|Win32
		Debug|x64 = Debug|x64
		Release|Win32 = Release|Win32
		Release|x64 = Release|x64
	EndGlobalSection
	GlobalSection(ProjectConfigurationPlatforms) = postSolution
		{0EDF2F0B-198A-4FCC-84D1-4F463F70DD93}.Debug|Win32.ActiveCfg = Debug|Win32
		{0EDF2F0B-198A-4FCC-84D1-4F463F70DD93}.Debug|Win32.Build.0 = Debug|Win32
		{0EDF2F0B-198A-4FCC-84D1-4F463F70DD93}.Debug|x64.ActiveCfg = Debug|x64
		{0EDF2F0B-198A-4FCC-84D1-4F463F70DD93}.Debug|x64.Build.0 = Debug|x64
		{0EDF2F0B-198A-4FCC-84D1-4F463F70DD93}.Release|Win32.ActiveCfg = Release|Win32
		{0EDF2F0B-198A-4FCC-84D1-4F463F70DD93}.Release|Win32.Build.0 = Release|Win32
		{0EDF2F0B-198A-4FCC-84D1-4F463F70DD93}.Release|x64.ActiveCfg = Release|x64
		{0EDF2F0B-198A-4FCC-84D1-4F463F70DD93}.Release|x64.Build.0 = Release|x64
		{EC858E24-556F-4F50-9030-A836DAE266AE}.Debug|Win32.ActiveCfg = Debug|Win32
		{EC858E24-556F-4F50-9030-A836DAE266AE}.Debug|Win32.Build.0 = Debug|Win32
		{EC858E24-556F-4F50-9030-A836DAE266AE}.Debug|x64.ActiveCfg = Debug|x64
		{EC858E24-556F-4F50-9030-A836DAE266AE}.Debug|x64.Build.0 = Debug|x64
		{EC858E24-556F-4F50-9030-A836DAE266AE}.Release|Win32.ActiveCfg = Release|Win32
		{EC858E24-556F-4F50-9030-A836DAE266AE}.Release|Win32.Build.0 = Release|Win32
		{EC858E24-556F-4F50-9030-A836DAE266AE}.Release|x64.ActiveCfg = Release|x64
		{EC858E24-556F-4F50-9030-A836DAE266AE}.Release|x64.Build.0 = Release|x64
		{117B47E4-6EFB-4A96-A51C-E357CB3F0DA1}.Debug|Win32.ActiveCfg = Debug|Win32
		{117B47E4-6EFB-4A96-A51C-E357CB3F0DA1}.Debug|Win32.Build.0 = Debug|Win32
		{117B47E4-6EFB-4A96-A51C-E357CB3F0DA1}.Debug|x64.ActiveCfg = Debug|x64
		{117B47E4-6EFB-4A96-A51C-E357CB3F0DA1}.Debug|x64.Build.0 = Debug|x64
		{117B47E4-6EFB-4A96-A51C-E357CB3F0DA1}.Release|Win32.ActiveCfg = Release|Win32
		{117B47E4-6EFB-4A96-A51C-E357CB3F0DA1}.Release|Win32.Build.0 = Release|Win32
		{117B47E4-6EFB-4A96-A51C-E357CB3F0DA1}.Release|x64.ActiveCfg = Release|x64
		{117B47E4-6EFB-4A96-A51C-E357CB3F0DA1}.Release|x64.Build.0 = Release|x64
		{102E65C2-12B7-467C-85A7-33DB9B24B491}.Debug|Win32.ActiveCfg = Debug|Win32
		{102E65C2-12B7-467C-85A7-33DB9B24B491}.Debug|Win32.Build.0 = Debug|Win32
		{102E65C2-12B7-467C-85A7-33DB9B24B491}.Debug|x64.ActiveCfg = Debug|x64
		{102E65C2-12B7-467C-85A7-33DB9B24B491}.Debug|x64.Build.0 = Debug|x64
		{102E65C2-12B7-467C-85A7-33DB9B24B491}.Release|Win32.ActiveCfg = Release|Win32
		{102E65C2-12B7-467C-85A7-33DB9B24B491}.Release|Win32.Build.0 = Release|Win32
		{102E65C2-12B7-467C-85A7-33DB9B24B491}.Release|x64.ActiveCfg = Release|x64
		{102E65C2-12B7-467C-85A7-33DB9B24B491}.Release|x64.Build.0 = Release|x64
		{C8F6C172-56F2-4E76-B5FA-C3B423B31BE8}.Debug|Win32.ActiveCfg = Debug|Win32
		{C8F6C172-56F2-4E76-B5FA-C3B423B31BE8}.Debug|Win32.Build.0 = Debug|Win32
		{C8F6C172-56F2-4E76-B5FA-C3B423B31BE8}.Debug|x64.ActiveCfg = Debug|x64
		{C8F6C172-56F2-4E76-B5FA-C3B423B31BE8}.Debug|x64.Build.0 = Debug|x64
		{C8F6C172-56F2-4E76-B5FA-C3B423B31BE8}.Release|Win32.ActiveCfg = Release|Win32
		{C8F6C172-56F2-4E76-B5FA-C3B423B31BE8}.Release|Win32.Build.0 = Release|Win32
		{C8F6C172-56F2-4E76-B5FA-C3B423B31BE8}.Release|x64.ActiveCfg = Release|x64
		{C8F6C172-56F2-4E76-B5FA-C3B423B31BE8}.Release|x64.Build.0 = Release|x64
		{49FC313B-D9DF-4366-A33F-FF8831B8BEE1}.Debug|Win32.ActiveCfg = Debug|Win32
		{49FC313B-D9DF-4366-A33F-FF8831B8BEE1}.Debug|Win32.Build.0 = Debug|Win32
		{49FC313B-D9DF-4366-A33F-FF8831B8BEE1}.Debug|x64.ActiveCfg = Debug|x64
		{49FC313B-D9DF-4366-A33F-FF8831B8BEE1}.Debug|x64.Build.0 = Debug|x64
		{49FC313B-D9DF-4366-A33F-FF8831B8BEE1}.Release|Win32.ActiveCfg = Release|Win32
		{49FC313B-D9DF-4366-A33F-FF8831B8BEE1}.Release|Win32.Build.0 = Release|Win32
		{49FC313B-D9DF-4366-A33F-FF8831B8BEE1}.Release|x64.ActiveCfg = Release|x64
		{49FC313B-D9DF-4366-A33F-FF8831B8BEE1}.Release|x64.Build.0 = Release|x64
	EndGlobalSection
	GlobalSection(SolutionProperties) = preSolution
		HideSolutionNode = FALSE
	EndGlobalSection
	GlobalSection(NestedProjects) = preSolution
		{117B47E4-6EFB-4A96-A51C-E357CB3F0DA1} = {E9D2AE5B-9B70-493B-A294-52201A193E56}
		{102E65C2-12B7-467C-85A7-33DB9B24B491} = {65C6C835-9DB6-43A8-A034-F6EB11207A02}
		{C8F6C172-56F2-4E76-B5FA-C3B423B31BE8} = {65C6C835-9DB6-43A8-A034-F6EB11207A02}
	EndGlobalSection
EndGlobal
