
Microsoft Visual Studio Solution File, Format Version 12.00
# Visual Studio 2013
VisualStudioVersion = 12.0.31101.0
MinimumVisualStudioVersion = 10.0.40219.1
Project("{8BC9CEB8-8B4A-11D0-8D11-00A0C91BC942}") = "Geometry3D", "Geometry3D.vcxproj", "{0EDF2F0B-198A-4FCC-84D1-4F463F70DD93}"
EndProject
Project("{8BC9CEB8-8B4A-11D0-8D11-00A0C91BC942}") = "voro++", "..\3rdParty\voro++-0.4.6\msvc\voro++.vcxproj", "{EC858E24-556F-4F50-9030-A836DAE266AE}"
EndProject
Project("{8BC9CEB8-8B4A-11D0-8D11-00A0C91BC942}") = "TryVoro++", "..\Itay\TryVoro++\TryVoro++.vcxproj", "{117B47E4-6EFB-4A96-A51C-E357CB3F0DA1}"
EndProject
Project("{8BC9CEB8-8B4A-11D0-8D11-00A0C91BC942}") = "TryVoroPlusPlusTessallation", "..\Itay\TryVoroPlusPlusTessallation\TryVoroPlusPlusTessallation.vcxproj", "{5072B470-2BAB-4DF1-B292-D798D17A6E70}"
EndProject
Project("{2150E333-8FDC-42A3-9474-1A3956D46DE8}") = "Tests", "Tests", "{65C6C835-9DB6-43A8-A034-F6EB11207A02}"
EndProject
Project("{8BC9CEB8-8B4A-11D0-8D11-00A0C91BC942}") = "TestVoroPlusPlus", "..\Itay\TestVoroPlusPlus\TestVoroPlusPlus.vcxproj", "{102E65C2-12B7-467C-85A7-33DB9B24B491}"
EndProject
Project("{8BC9CEB8-8B4A-11D0-8D11-00A0C91BC942}") = "gtest_main-md", "..\3rdParty\gtest-1.7.0\msvc\gtest_main-md.vcxproj", "{3AF54C8A-10BF-4332-9147-F68ED9862033}"
EndProject
Global
	GlobalSection(SolutionConfigurationPlatforms) = preSolution
		Debug|Any CPU = Debug|Any CPU
		Debug|Mixed Platforms = Debug|Mixed Platforms
		Debug|Win32 = Debug|Win32
		Release|Any CPU = Release|Any CPU
		Release|Mixed Platforms = Release|Mixed Platforms
		Release|Win32 = Release|Win32
	EndGlobalSection
	GlobalSection(ProjectConfigurationPlatforms) = postSolution
		{0EDF2F0B-198A-4FCC-84D1-4F463F70DD93}.Debug|Any CPU.ActiveCfg = Debug|Win32
		{0EDF2F0B-198A-4FCC-84D1-4F463F70DD93}.Debug|Mixed Platforms.ActiveCfg = Debug|Win32
		{0EDF2F0B-198A-4FCC-84D1-4F463F70DD93}.Debug|Mixed Platforms.Build.0 = Debug|Win32
		{0EDF2F0B-198A-4FCC-84D1-4F463F70DD93}.Debug|Win32.ActiveCfg = Debug|Win32
		{0EDF2F0B-198A-4FCC-84D1-4F463F70DD93}.Debug|Win32.Build.0 = Debug|Win32
		{0EDF2F0B-198A-4FCC-84D1-4F463F70DD93}.Release|Any CPU.ActiveCfg = Release|Win32
		{0EDF2F0B-198A-4FCC-84D1-4F463F70DD93}.Release|Mixed Platforms.ActiveCfg = Release|Win32
		{0EDF2F0B-198A-4FCC-84D1-4F463F70DD93}.Release|Mixed Platforms.Build.0 = Release|Win32
		{0EDF2F0B-198A-4FCC-84D1-4F463F70DD93}.Release|Win32.ActiveCfg = Release|Win32
		{0EDF2F0B-198A-4FCC-84D1-4F463F70DD93}.Release|Win32.Build.0 = Release|Win32
		{EC858E24-556F-4F50-9030-A836DAE266AE}.Debug|Any CPU.ActiveCfg = Debug|Win32
		{EC858E24-556F-4F50-9030-A836DAE266AE}.Debug|Mixed Platforms.ActiveCfg = Debug|Win32
		{EC858E24-556F-4F50-9030-A836DAE266AE}.Debug|Mixed Platforms.Build.0 = Debug|Win32
		{EC858E24-556F-4F50-9030-A836DAE266AE}.Debug|Win32.ActiveCfg = Debug|Win32
		{EC858E24-556F-4F50-9030-A836DAE266AE}.Debug|Win32.Build.0 = Debug|Win32
		{EC858E24-556F-4F50-9030-A836DAE266AE}.Release|Any CPU.ActiveCfg = Release|Win32
		{EC858E24-556F-4F50-9030-A836DAE266AE}.Release|Mixed Platforms.ActiveCfg = Release|Win32
		{EC858E24-556F-4F50-9030-A836DAE266AE}.Release|Mixed Platforms.Build.0 = Release|Win32
		{EC858E24-556F-4F50-9030-A836DAE266AE}.Release|Win32.ActiveCfg = Release|Win32
		{EC858E24-556F-4F50-9030-A836DAE266AE}.Release|Win32.Build.0 = Release|Win32
		{117B47E4-6EFB-4A96-A51C-E357CB3F0DA1}.Debug|Any CPU.ActiveCfg = Debug|Win32
		{117B47E4-6EFB-4A96-A51C-E357CB3F0DA1}.Debug|Mixed Platforms.ActiveCfg = Debug|Win32
		{117B47E4-6EFB-4A96-A51C-E357CB3F0DA1}.Debug|Mixed Platforms.Build.0 = Debug|Win32
		{117B47E4-6EFB-4A96-A51C-E357CB3F0DA1}.Debug|Win32.ActiveCfg = Debug|Win32
		{117B47E4-6EFB-4A96-A51C-E357CB3F0DA1}.Debug|Win32.Build.0 = Debug|Win32
		{117B47E4-6EFB-4A96-A51C-E357CB3F0DA1}.Release|Any CPU.ActiveCfg = Release|Win32
		{117B47E4-6EFB-4A96-A51C-E357CB3F0DA1}.Release|Mixed Platforms.ActiveCfg = Release|Win32
		{117B47E4-6EFB-4A96-A51C-E357CB3F0DA1}.Release|Mixed Platforms.Build.0 = Release|Win32
		{117B47E4-6EFB-4A96-A51C-E357CB3F0DA1}.Release|Win32.ActiveCfg = Release|Win32
		{117B47E4-6EFB-4A96-A51C-E357CB3F0DA1}.Release|Win32.Build.0 = Release|Win32
		{5072B470-2BAB-4DF1-B292-D798D17A6E70}.Debug|Any CPU.ActiveCfg = Debug|Win32
		{5072B470-2BAB-4DF1-B292-D798D17A6E70}.Debug|Mixed Platforms.ActiveCfg = Debug|Win32
		{5072B470-2BAB-4DF1-B292-D798D17A6E70}.Debug|Mixed Platforms.Build.0 = Debug|Win32
		{5072B470-2BAB-4DF1-B292-D798D17A6E70}.Debug|Win32.ActiveCfg = Debug|Win32
		{5072B470-2BAB-4DF1-B292-D798D17A6E70}.Debug|Win32.Build.0 = Debug|Win32
		{5072B470-2BAB-4DF1-B292-D798D17A6E70}.Release|Any CPU.ActiveCfg = Release|Win32
		{5072B470-2BAB-4DF1-B292-D798D17A6E70}.Release|Mixed Platforms.ActiveCfg = Release|Win32
		{5072B470-2BAB-4DF1-B292-D798D17A6E70}.Release|Mixed Platforms.Build.0 = Release|Win32
		{5072B470-2BAB-4DF1-B292-D798D17A6E70}.Release|Win32.ActiveCfg = Release|Win32
		{5072B470-2BAB-4DF1-B292-D798D17A6E70}.Release|Win32.Build.0 = Release|Win32
		{102E65C2-12B7-467C-85A7-33DB9B24B491}.Debug|Any CPU.ActiveCfg = Debug|Win32
		{102E65C2-12B7-467C-85A7-33DB9B24B491}.Debug|Mixed Platforms.ActiveCfg = Debug|Win32
		{102E65C2-12B7-467C-85A7-33DB9B24B491}.Debug|Mixed Platforms.Build.0 = Debug|Win32
		{102E65C2-12B7-467C-85A7-33DB9B24B491}.Debug|Win32.ActiveCfg = Debug|Win32
		{102E65C2-12B7-467C-85A7-33DB9B24B491}.Debug|Win32.Build.0 = Debug|Win32
		{102E65C2-12B7-467C-85A7-33DB9B24B491}.Release|Any CPU.ActiveCfg = Release|Win32
		{102E65C2-12B7-467C-85A7-33DB9B24B491}.Release|Mixed Platforms.ActiveCfg = Release|Win32
		{102E65C2-12B7-467C-85A7-33DB9B24B491}.Release|Mixed Platforms.Build.0 = Release|Win32
		{102E65C2-12B7-467C-85A7-33DB9B24B491}.Release|Win32.ActiveCfg = Release|Win32
		{102E65C2-12B7-467C-85A7-33DB9B24B491}.Release|Win32.Build.0 = Release|Win32
		{3AF54C8A-10BF-4332-9147-F68ED9862033}.Debug|Any CPU.ActiveCfg = Debug|Win32
		{3AF54C8A-10BF-4332-9147-F68ED9862033}.Debug|Mixed Platforms.ActiveCfg = Debug|Win32
		{3AF54C8A-10BF-4332-9147-F68ED9862033}.Debug|Mixed Platforms.Build.0 = Debug|Win32
		{3AF54C8A-10BF-4332-9147-F68ED9862033}.Debug|Win32.ActiveCfg = Debug|Win32
		{3AF54C8A-10BF-4332-9147-F68ED9862033}.Debug|Win32.Build.0 = Debug|Win32
		{3AF54C8A-10BF-4332-9147-F68ED9862033}.Release|Any CPU.ActiveCfg = Release|Win32
		{3AF54C8A-10BF-4332-9147-F68ED9862033}.Release|Mixed Platforms.ActiveCfg = Release|Win32
		{3AF54C8A-10BF-4332-9147-F68ED9862033}.Release|Mixed Platforms.Build.0 = Release|Win32
		{3AF54C8A-10BF-4332-9147-F68ED9862033}.Release|Win32.ActiveCfg = Release|Win32
		{3AF54C8A-10BF-4332-9147-F68ED9862033}.Release|Win32.Build.0 = Release|Win32
	EndGlobalSection
	GlobalSection(SolutionProperties) = preSolution
		HideSolutionNode = FALSE
	EndGlobalSection
	GlobalSection(NestedProjects) = preSolution
		{102E65C2-12B7-467C-85A7-33DB9B24B491} = {65C6C835-9DB6-43A8-A034-F6EB11207A02}
		{3AF54C8A-10BF-4332-9147-F68ED9862033} = {65C6C835-9DB6-43A8-A034-F6EB11207A02}
	EndGlobalSection
EndGlobal
